Microsoft Visual Studio Solution File, Format Version 12.00
# Visual Studio 15
VisualStudioVersion = 15.0.25807.0
MinimumVisualStudioVersion = 10.0.40219.1
Project("{2150E333-8FDC-42A3-9474-1A3956D46DE8}") = "Engine", "Engine", "{B1C1D77B-6FCC-4679-8985-CFC023428E52}"
EndProject
Project("{2150E333-8FDC-42A3-9474-1A3956D46DE8}") = "Games", "Games", "{8B0B4ACD-7346-4906-9EC7-EB01513A0186}"
EndProject
Project("{8BC9CEB8-8B4A-11D0-8D11-00A0C91BC942}") = "OverFluff", "Intermediate\ProjectFiles\OverFluff.vcxproj", "{175C0142-19EF-47CA-AA37-60982EE921A7}"
EndProject
Project("{8BC9CEB8-8B4A-11D0-8D11-00A0C91BC942}") = "UE4", "Intermediate\ProjectFiles\UE4.vcxproj", "{C8E95E28-7869-4267-9DC5-632C177CB9F5}"
EndProject
Project("{2150E333-8FDC-42A3-9474-1A3956D46DE8}") = "Visualizers", "Visualizers", "{C188D321-3146-46AF-9F9E-893354C327C7}"
	ProjectSection(SolutionItems) = preProject
		..\..\..\UE_4.21\Engine\Extras\VisualStudioDebugging\UE4.natvis = ..\..\..\UE_4.21\Engine\Extras\VisualStudioDebugging\UE4.natvis
	EndProjectSection
EndProject
Global
	GlobalSection(SolutionConfigurationPlatforms) = preSolution
		DebugGame Editor|HTML5 = DebugGame Editor|HTML5
		DebugGame Editor|Win32 = DebugGame Editor|Win32
		DebugGame Editor|Win64 = DebugGame Editor|Win64
		DebugGame|HTML5 = DebugGame|HTML5
		DebugGame|Win32 = DebugGame|Win32
		DebugGame|Win64 = DebugGame|Win64
		Development Editor|HTML5 = Development Editor|HTML5
		Development Editor|Win32 = Development Editor|Win32
		Development Editor|Win64 = Development Editor|Win64
		Development|HTML5 = Development|HTML5
		Development|Win32 = Development|Win32
		Development|Win64 = Development|Win64
		Shipping|HTML5 = Shipping|HTML5
		Shipping|Win32 = Shipping|Win32
		Shipping|Win64 = Shipping|Win64
	EndGlobalSection
	GlobalSection(ProjectConfigurationPlatforms) = postSolution
		{175C0142-19EF-47CA-AA37-60982EE921A7}.DebugGame Editor|HTML5.ActiveCfg = Invalid|Win32
		{175C0142-19EF-47CA-AA37-60982EE921A7}.DebugGame Editor|Win32.ActiveCfg = Invalid|Win32
		{175C0142-19EF-47CA-AA37-60982EE921A7}.DebugGame Editor|Win64.ActiveCfg = DebugGame_Editor|x64
		{175C0142-19EF-47CA-AA37-60982EE921A7}.DebugGame Editor|Win64.Build.0 = DebugGame_Editor|x64
		{175C0142-19EF-47CA-AA37-60982EE921A7}.DebugGame|HTML5.ActiveCfg = HTML5_DebugGame|Win32
		{175C0142-19EF-47CA-AA37-60982EE921A7}.DebugGame|HTML5.Build.0 = HTML5_DebugGame|Win32
		{175C0142-19EF-47CA-AA37-60982EE921A7}.DebugGame|Win32.ActiveCfg = DebugGame|Win32
		{175C0142-19EF-47CA-AA37-60982EE921A7}.DebugGame|Win32.Build.0 = DebugGame|Win32
		{175C0142-19EF-47CA-AA37-60982EE921A7}.DebugGame|Win64.ActiveCfg = DebugGame|x64
		{175C0142-19EF-47CA-AA37-60982EE921A7}.DebugGame|Win64.Build.0 = DebugGame|x64
		{175C0142-19EF-47CA-AA37-60982EE921A7}.Development Editor|HTML5.ActiveCfg = Invalid|Win32
		{175C0142-19EF-47CA-AA37-60982EE921A7}.Development Editor|Win32.ActiveCfg = Invalid|Win32
		{175C0142-19EF-47CA-AA37-60982EE921A7}.Development Editor|Win64.ActiveCfg = Development_Editor|x64
		{175C0142-19EF-47CA-AA37-60982EE921A7}.Development Editor|Win64.Build.0 = Development_Editor|x64
		{175C0142-19EF-47CA-AA37-60982EE921A7}.Development|HTML5.ActiveCfg = HTML5_Development|Win32
		{175C0142-19EF-47CA-AA37-60982EE921A7}.Development|HTML5.Build.0 = HTML5_Development|Win32
		{175C0142-19EF-47CA-AA37-60982EE921A7}.Development|Win32.ActiveCfg = Development|Win32
		{175C0142-19EF-47CA-AA37-60982EE921A7}.Development|Win32.Build.0 = Development|Win32
		{175C0142-19EF-47CA-AA37-60982EE921A7}.Development|Win64.ActiveCfg = Development|x64
		{175C0142-19EF-47CA-AA37-60982EE921A7}.Development|Win64.Build.0 = Development|x64
		{175C0142-19EF-47CA-AA37-60982EE921A7}.Shipping|HTML5.ActiveCfg = HTML5_Shipping|Win32
		{175C0142-19EF-47CA-AA37-60982EE921A7}.Shipping|HTML5.Build.0 = HTML5_Shipping|Win32
		{175C0142-19EF-47CA-AA37-60982EE921A7}.Shipping|Win32.ActiveCfg = Shipping|Win32
		{175C0142-19EF-47CA-AA37-60982EE921A7}.Shipping|Win32.Build.0 = Shipping|Win32
		{175C0142-19EF-47CA-AA37-60982EE921A7}.Shipping|Win64.ActiveCfg = Shipping|x64
		{175C0142-19EF-47CA-AA37-60982EE921A7}.Shipping|Win64.Build.0 = Shipping|x64
		{C8E95E28-7869-4267-9DC5-632C177CB9F5}.DebugGame Editor|HTML5.ActiveCfg = BuiltWithUnrealBuildTool|Win32
		{C8E95E28-7869-4267-9DC5-632C177CB9F5}.DebugGame Editor|Win32.ActiveCfg = BuiltWithUnrealBuildTool|Win32
		{C8E95E28-7869-4267-9DC5-632C177CB9F5}.DebugGame Editor|Win64.ActiveCfg = BuiltWithUnrealBuildTool|Win32
		{C8E95E28-7869-4267-9DC5-632C177CB9F5}.DebugGame|HTML5.ActiveCfg = BuiltWithUnrealBuildTool|Win32
		{C8E95E28-7869-4267-9DC5-632C177CB9F5}.DebugGame|Win32.ActiveCfg = BuiltWithUnrealBuildTool|Win32
		{C8E95E28-7869-4267-9DC5-632C177CB9F5}.DebugGame|Win64.ActiveCfg = BuiltWithUnrealBuildTool|Win32
		{C8E95E28-7869-4267-9DC5-632C177CB9F5}.Development Editor|HTML5.ActiveCfg = BuiltWithUnrealBuildTool|Win32
		{C8E95E28-7869-4267-9DC5-632C177CB9F5}.Development Editor|Win32.ActiveCfg = BuiltWithUnrealBuildTool|Win32
		{C8E95E28-7869-4267-9DC5-632C177CB9F5}.Development Editor|Win64.ActiveCfg = BuiltWithUnrealBuildTool|Win32
		{C8E95E28-7869-4267-9DC5-632C177CB9F5}.Development|HTML5.ActiveCfg = BuiltWithUnrealBuildTool|Win32
		{C8E95E28-7869-4267-9DC5-632C177CB9F5}.Development|Win32.ActiveCfg = BuiltWithUnrealBuildTool|Win32
		{C8E95E28-7869-4267-9DC5-632C177CB9F5}.Development|Win64.ActiveCfg = BuiltWithUnrealBuildTool|Win32
		{C8E95E28-7869-4267-9DC5-632C177CB9F5}.Shipping|HTML5.ActiveCfg = BuiltWithUnrealBuildTool|Win32
		{C8E95E28-7869-4267-9DC5-632C177CB9F5}.Shipping|Win32.ActiveCfg = BuiltWithUnrealBuildTool|Win32
		{C8E95E28-7869-4267-9DC5-632C177CB9F5}.Shipping|Win64.ActiveCfg = BuiltWithUnrealBuildTool|Win32
	EndGlobalSection
	GlobalSection(SolutionProperties) = preSolution
		HideSolutionNode = FALSE
	EndGlobalSection
	GlobalSection(NestedProjects) = preSolution
		{C8E95E28-7869-4267-9DC5-632C177CB9F5} = {B1C1D77B-6FCC-4679-8985-CFC023428E52}
		{175C0142-19EF-47CA-AA37-60982EE921A7} = {8B0B4ACD-7346-4906-9EC7-EB01513A0186}
		{175C0142-19EF-47CA-AA37-60982EE921A7} = {8B0B4ACD-7346-4906-9EC7-EB01513A0186}
	EndGlobalSection
EndGlobal
